
Microsoft Visual Studio Solution File, Format Version 12.00
# Visual Studio Version 16
VisualStudioVersion = 16.0.35229.62
MinimumVisualStudioVersion = 10.0.40219.1
Project("{FAE04EC0-301F-11D3-BF4B-00C04F79EFBC}") = "WpfApp1", "WpfApp1\WpfApp1.csproj", "{BB8F7DC1-9BFE-44F1-8C5A-5B7D2E42E513}"
EndProject
Global
	GlobalSection(SolutionConfigurationPlatforms) = preSolution
		Debug|Any CPU = Debug|Any CPU
		Release|Any CPU = Release|Any CPU
	EndGlobalSection
	GlobalSection(ProjectConfigurationPlatforms) = postSolution
		{BB8F7DC1-9BFE-44F1-8C5A-5B7D2E42E513}.Debug|Any CPU.ActiveCfg = Debug|Any CPU
		{BB8F7DC1-9BFE-44F1-8C5A-5B7D2E42E513}.Debug|Any CPU.Build.0 = Debug|Any CPU
		{BB8F7DC1-9BFE-44F1-8C5A-5B7D2E42E513}.Release|Any CPU.ActiveCfg = Release|Any CPU
		{BB8F7DC1-9BFE-44F1-8C5A-5B7D2E42E513}.Release|Any CPU.Build.0 = Release|Any CPU
	EndGlobalSection
	GlobalSection(SolutionProperties) = preSolution
		HideSolutionNode = FALSE
	EndGlobalSection
	GlobalSection(ExtensibilityGlobals) = postSolution
		SolutionGuid = {411118C8-BFCD-4AFF-ACB1-999E03A5562A}
	EndGlobalSection
	GlobalSection(TeamFoundationVersionControl) = preSolution
		SccNumberOfProjects = 2
		SccEnterpriseProvider = {4CA58AB2-18FA-4F8D-95D4-32DDF27D184C}
		SccTeamFoundationServer = https://dev.azure.com/zaidyyyy
		SccLocalPath0 = .
		SccProjectUniqueName1 = WpfApp1\\WpfApp1.csproj
		SccProjectName1 = WpfApp1
		SccLocalPath1 = WpfApp1
	EndGlobalSection
EndGlobal
